{
    "_readme": [
        "This file locks the dependencies of your project to a known state",
        "Read more about it at https://getcomposer.org/doc/01-basic-usage.md#installing-dependencies",
        "This file is @generated automatically"
    ],
    "content-hash": "a3c29155490cdd707a3eec48b23738af",
    "packages": [
        {
            "name": "erandir/plug-route",
            "version": "v4.6",
            "source": {
                "type": "git",
                "url": "https://github.com/erandirjunior/plug-route.git",
                "reference": "c7af055d40ec7312218fcdbd218dfa4550270a07"
            },
            "dist": {
                "type": "zip",
                "url": "https://api.github.com/repos/erandirjunior/plug-route/zipball/c7af055d40ec7312218fcdbd218dfa4550270a07",
                "reference": "c7af055d40ec7312218fcdbd218dfa4550270a07",
                "shasum": ""
            },
            "require": {
                "php": ">= 7.4"
            },
            "require-dev": {
                "phpunit/phpunit": "9.5.21"
            },
            "type": "library",
            "autoload": {
                "psr-4": {
                    "PlugRoute\\": "src/"
                }
            },
            "notification-url": "https://packagist.org/downloads/",
            "license": [
                "MIT"
            ],
            "authors": [
                {
                    "name": "Antonio Erandir Feitosa Soares Junior",
                    "email": "aefs12junior@gmail.com"
                }
            ],
            "description": "Route library for php",
            "support": {
                "issues": "https://github.com/erandirjunior/plug-route/issues",
                "source": "https://github.com/erandirjunior/plug-route/tree/v4.6"
            },
            "time": "2022-08-12T14:42:41+00:00"
        }
    ],
    "packages-dev": [],
    "aliases": [],
    "minimum-stability": "stable",
    "stability-flags": [],
    "prefer-stable": false,
    "prefer-lowest": false,
    "platform": [],
    "platform-dev": [],
    "plugin-api-version": "2.3.0"
}
